
Microsoft Visual Studio Solution File, Format Version 12.00
# Visual Studio Version 17
VisualStudioVersion = 17.13.35931.197
MinimumVisualStudioVersion = 10.0.40219.1
Project("{FAE04EC0-301F-11D3-BF4B-00C04F79EFBC}") = "ITI Project", "ITI Project\ITI Project.csproj", "{C8F59F57-B2DB-4E1A-BD7F-09812379F014}"
EndProject
Global
	GlobalSection(SolutionConfigurationPlatforms) = preSolution
		Debug|Any CPU = Debug|Any CPU
		Release|Any CPU = Release|Any CPU
	EndGlobalSection
	GlobalSection(ProjectConfigurationPlatforms) = postSolution
		{C8F59F57-B2DB-4E1A-BD7F-09812379F014}.Debug|Any CPU.ActiveCfg = Debug|Any CPU
		{C8F59F57-B2DB-4E1A-BD7F-09812379F014}.Debug|Any CPU.Build.0 = Debug|Any CPU
		{C8F59F57-B2DB-4E1A-BD7F-09812379F014}.Release|Any CPU.ActiveCfg = Release|Any CPU
		{C8F59F57-B2DB-4E1A-BD7F-09812379F014}.Release|Any CPU.Build.0 = Release|Any CPU
	EndGlobalSection
	GlobalSection(SolutionProperties) = preSolution
		HideSolutionNode = FALSE
	EndGlobalSection
	GlobalSection(ExtensibilityGlobals) = postSolution
		SolutionGuid = {DC7A967B-B401-4BD6-9D08-68B194BB1245}
	EndGlobalSection
EndGlobal
